
Microsoft Visual Studio Solution File, Format Version 12.00
# Visual Studio Version 16
VisualStudioVersion = 16.0.31424.327
MinimumVisualStudioVersion = 10.0.40219.1
Project("{FAE04EC0-301F-11D3-BF4B-00C04F79EFBC}") = "MongoDb", "MongoDb\MongoDb.csproj", "{98672DA2-6D0B-4AC8-BCB2-9B63496D4AA7}"
EndProject
Global
	GlobalSection(SolutionConfigurationPlatforms) = preSolution
		Debug|Any CPU = Debug|Any CPU
		Release|Any CPU = Release|Any CPU
	EndGlobalSection
	GlobalSection(ProjectConfigurationPlatforms) = postSolution
		{98672DA2-6D0B-4AC8-BCB2-9B63496D4AA7}.Debug|Any CPU.ActiveCfg = Debug|Any CPU
		{98672DA2-6D0B-4AC8-BCB2-9B63496D4AA7}.Debug|Any CPU.Build.0 = Debug|Any CPU
		{98672DA2-6D0B-4AC8-BCB2-9B63496D4AA7}.Release|Any CPU.ActiveCfg = Release|Any CPU
		{98672DA2-6D0B-4AC8-BCB2-9B63496D4AA7}.Release|Any CPU.Build.0 = Release|Any CPU
	EndGlobalSection
	GlobalSection(SolutionProperties) = preSolution
		HideSolutionNode = FALSE
	EndGlobalSection
	GlobalSection(ExtensibilityGlobals) = postSolution
		SolutionGuid = {0283A86D-D829-48AA-9990-A7356C6F5BCA}
	EndGlobalSection
EndGlobal
